// !$*UTF8*$!
{
	archiveVersion = 1;
	classes = {
	};
	objectVersion = 50;
	objects = {

/* Begin PBXBuildFile section */
		D7AF3E3E245FFD1C0049C941 /* finalClient.cpp in Sources */ = {isa = PBXBuildFile; fileRef = D7AF3E3D245FFD1C0049C941 /* finalClient.cpp */; };
		D7AF3E41245FFD7D0049C941 /* htable.cpp in Sources */ = {isa = PBXBuildFile; fileRef = D7AF3E3F245FFD7D0049C941 /* htable.cpp */; };
		D7AF3E44245FFDB90049C941 /* slist.cpp in Sources */ = {isa = PBXBuildFile; fileRef = D7AF3E42245FFDB90049C941 /* slist.cpp */; };
		D7AF3E47245FFDF80049C941 /* llist.cpp in Sources */ = {isa = PBXBuildFile; fileRef = D7AF3E45245FFDF80049C941 /* llist.cpp */; };
		D7AF3E4A245FFE310049C941 /* elem.cpp in Sources */ = {isa = PBXBuildFile; fileRef = D7AF3E48245FFE310049C941 /* elem.cpp */; };
/* End PBXBuildFile section */

/* Begin PBXCopyFilesBuildPhase section */
		D7AF3E31245FFCBE0049C941 /* CopyFiles */ = {
			isa = PBXCopyFilesBuildPhase;
			buildActionMask = 2147483647;
			dstPath = /usr/share/man/man1/;
			dstSubfolderSpec = 0;
			files = (
			);
			runOnlyForDeploymentPostprocessing = 1;
		};
/* End PBXCopyFilesBuildPhase section */

/* Begin PBXFileReference section */
		D7AF3E33245FFCBE0049C941 /* Final Project */ = {isa = PBXFileReference; explicitFileType = "compiled.mach-o.executable"; includeInIndex = 0; path = "Final Project"; sourceTree = BUILT_PRODUCTS_DIR; };
		D7AF3E3D245FFD1C0049C941 /* finalClient.cpp */ = {isa = PBXFileReference; lastKnownFileType = sourcecode.cpp.cpp; path = finalClient.cpp; sourceTree = "<group>"; };
		D7AF3E3F245FFD7D0049C941 /* htable.cpp */ = {isa = PBXFileReference; lastKnownFileType = sourcecode.cpp.cpp; path = htable.cpp; sourceTree = "<group>"; };
		D7AF3E40245FFD7D0049C941 /* htable.h */ = {isa = PBXFileReference; lastKnownFileType = sourcecode.c.h; path = htable.h; sourceTree = "<group>"; };
		D7AF3E42245FFDB90049C941 /* slist.cpp */ = {isa = PBXFileReference; lastKnownFileType = sourcecode.cpp.cpp; path = slist.cpp; sourceTree = "<group>"; };
		D7AF3E43245FFDB90049C941 /* slist.h */ = {isa = PBXFileReference; lastKnownFileType = sourcecode.c.h; path = slist.h; sourceTree = "<group>"; };
		D7AF3E45245FFDF80049C941 /* llist.cpp */ = {isa = PBXFileReference; lastKnownFileType = sourcecode.cpp.cpp; path = llist.cpp; sourceTree = "<group>"; };
		D7AF3E46245FFDF80049C941 /* llist.h */ = {isa = PBXFileReference; lastKnownFileType = sourcecode.c.h; path = llist.h; sourceTree = "<group>"; };
		D7AF3E48245FFE310049C941 /* elem.cpp */ = {isa = PBXFileReference; lastKnownFileType = sourcecode.cpp.cpp; path = elem.cpp; sourceTree = "<group>"; };
		D7AF3E49245FFE310049C941 /* elem.h */ = {isa = PBXFileReference; lastKnownFileType = sourcecode.c.h; path = elem.h; sourceTree = "<group>"; };
/* End PBXFileReference section */

/* Begin PBXFrameworksBuildPhase section */
		D7AF3E30245FFCBE0049C941 /* Frameworks */ = {
			isa = PBXFrameworksBuildPhase;
			buildActionMask = 2147483647;
			files = (
			);
			runOnlyForDeploymentPostprocessing = 0;
		};
/* End PBXFrameworksBuildPhase section */

/* Begin PBXGroup section */
		D7AF3E2A245FFCBE0049C941 = {
			isa = PBXGroup;
			children = (
				D7AF3E35245FFCBE0049C941 /* Final Project */,
				D7AF3E34245FFCBE0049C941 /* Products */,
			);
			sourceTree = "<group>";
		};
		D7AF3E34245FFCBE0049C941 /* Products */ = {
			isa = PBXGroup;
			children = (
				D7AF3E33245FFCBE0049C941 /* Final Project */,
			);
			name = Products;
			sourceTree = "<group>";
		};
		D7AF3E35245FFCBE0049C941 /* Final Project */ = {
			isa = PBXGroup;
			children = (
				D7AF3E3D245FFD1C0049C941 /* finalClient.cpp */,
				D7AF3E40245FFD7D0049C941 /* htable.h */,
				D7AF3E3F245FFD7D0049C941 /* htable.cpp */,
				D7AF3E43245FFDB90049C941 /* slist.h */,
				D7AF3E42245FFDB90049C941 /* slist.cpp */,
				D7AF3E46245FFDF80049C941 /* llist.h */,
				D7AF3E45245FFDF80049C941 /* llist.cpp */,
				D7AF3E49245FFE310049C941 /* elem.h */,
				D7AF3E48245FFE310049C941 /* elem.cpp */,
			);
			path = "Final Project";
			sourceTree = "<group>";
		};
/* End PBXGroup section */

/* Begin PBXNativeTarget section */
		D7AF3E32245FFCBE0049C941 /* Final Project */ = {
			isa = PBXNativeTarget;
			buildConfigurationList = D7AF3E3A245FFCBE0049C941 /* Build configuration list for PBXNativeTarget "Final Project" */;
			buildPhases = (
				D7AF3E2F245FFCBE0049C941 /* Sources */,
				D7AF3E30245FFCBE0049C941 /* Frameworks */,
				D7AF3E31245FFCBE0049C941 /* CopyFiles */,
			);
			buildRules = (
			);
			dependencies = (
			);
			name = "Final Project";
			productName = "Final Project";
			productReference = D7AF3E33245FFCBE0049C941 /* Final Project */;
			productType = "com.apple.product-type.tool";
		};
/* End PBXNativeTarget section */

/* Begin PBXProject section */
		D7AF3E2B245FFCBE0049C941 /* Project object */ = {
			isa = PBXProject;
			attributes = {
				LastUpgradeCheck = 1140;
				ORGANIZATIONNAME = "이경빈";
				TargetAttributes = {
					D7AF3E32245FFCBE0049C941 = {
						CreatedOnToolsVersion = 11.4.1;
					};
				};
			};
			buildConfigurationList = D7AF3E2E245FFCBE0049C941 /* Build configuration list for PBXProject "Final Project" */;
			compatibilityVersion = "Xcode 9.3";
			developmentRegion = en;
			hasScannedForEncodings = 0;
			knownRegions = (
				en,
				Base,
			);
			mainGroup = D7AF3E2A245FFCBE0049C941;
			productRefGroup = D7AF3E34245FFCBE0049C941 /* Products */;
			projectDirPath = "";
			projectRoot = "";
			targets = (
				D7AF3E32245FFCBE0049C941 /* Final Project */,
			);
		};
/* End PBXProject section */

/* Begin PBXSourcesBuildPhase section */
		D7AF3E2F245FFCBE0049C941 /* Sources */ = {
			isa = PBXSourcesBuildPhase;
			buildActionMask = 2147483647;
			files = (
				D7AF3E3E245FFD1C0049C941 /* finalClient.cpp in Sources */,
				D7AF3E44245FFDB90049C941 /* slist.cpp in Sources */,
				D7AF3E47245FFDF80049C941 /* llist.cpp in Sources */,
				D7AF3E4A245FFE310049C941 /* elem.cpp in Sources */,
				D7AF3E41245FFD7D0049C941 /* htable.cpp in Sources */,
			);
			runOnlyForDeploymentPostprocessing = 0;
		};
/* End PBXSourcesBuildPhase section */

/* Begin XCBuildConfiguration section */
		D7AF3E38245FFCBE0049C941 /* Debug */ = {
			isa = XCBuildConfiguration;
			buildSettings = {
				ALWAYS_SEARCH_USER_PATHS = NO;
				CLANG_ANALYZER_NONNULL = YES;
				CLANG_ANALYZER_NUMBER_OBJECT_CONVERSION = YES_AGGRESSIVE;
				CLANG_CXX_LANGUAGE_STANDARD = "gnu++14";
				CLANG_CXX_LIBRARY = "libc++";
				CLANG_ENABLE_MODULES = YES;
				CLANG_ENABLE_OBJC_ARC = YES;
				CLANG_ENABLE_OBJC_WEAK = YES;
				CLANG_WARN_BLOCK_CAPTURE_AUTORELEASING = YES;
				CLANG_WARN_BOOL_CONVERSION = YES;
				CLANG_WARN_COMMA = YES;
				CLANG_WARN_CONSTANT_CONVERSION = YES;
				CLANG_WARN_DEPRECATED_OBJC_IMPLEMENTATIONS = YES;
				CLANG_WARN_DIRECT_OBJC_ISA_USAGE = YES_ERROR;
				CLANG_WARN_DOCUMENTATION_COMMENTS = YES;
				CLANG_WARN_EMPTY_BODY = YES;
				CLANG_WARN_ENUM_CONVERSION = YES;
				CLANG_WARN_INFINITE_RECURSION = YES;
				CLANG_WARN_INT_CONVERSION = YES;
				CLANG_WARN_NON_LITERAL_NULL_CONVERSION = YES;
				CLANG_WARN_OBJC_IMPLICIT_RETAIN_SELF = YES;
				CLANG_WARN_OBJC_LITERAL_CONVERSION = YES;
				CLANG_WARN_OBJC_ROOT_CLASS = YES_ERROR;
				CLANG_WARN_RANGE_LOOP_ANALYSIS = YES;
				CLANG_WARN_STRICT_PROTOTYPES = YES;
				CLANG_WARN_SUSPICIOUS_MOVE = YES;
				CLANG_WARN_UNGUARDED_AVAILABILITY = YES_AGGRESSIVE;
				CLANG_WARN_UNREACHABLE_CODE = YES;
				CLANG_WARN__DUPLICATE_METHOD_MATCH = YES;
				COPY_PHASE_STRIP = NO;
				DEBUG_INFORMATION_FORMAT = dwarf;
				ENABLE_STRICT_OBJC_MSGSEND = YES;
				ENABLE_TESTABILITY = YES;
				GCC_C_LANGUAGE_STANDARD = gnu11;
				GCC_DYNAMIC_NO_PIC = NO;
				GCC_NO_COMMON_BLOCKS = YES;
				GCC_OPTIMIZATION_LEVEL = 0;
				GCC_PREPROCESSOR_DEFINITIONS = (
					"DEBUG=1",
					"$(inherited)",
				);
				GCC_WARN_64_TO_32_BIT_CONVERSION = YES;
				GCC_WARN_ABOUT_RETURN_TYPE = YES_ERROR;
				GCC_WARN_UNDECLARED_SELECTOR = YES;
				GCC_WARN_UNINITIALIZED_AUTOS = YES_AGGRESSIVE;
				GCC_WARN_UNUSED_FUNCTION = YES;
				GCC_WARN_UNUSED_VARIABLE = YES;
				MACOSX_DEPLOYMENT_TARGET = 10.15;
				MTL_ENABLE_DEBUG_INFO = INCLUDE_SOURCE;
				MTL_FAST_MATH = YES;
				ONLY_ACTIVE_ARCH = YES;
				SDKROOT = macosx;
			};
			name = Debug;
		};
		D7AF3E39245FFCBE0049C941 /* Release */ = {
			isa = XCBuildConfiguration;
			buildSettings = {
				ALWAYS_SEARCH_USER_PATHS = NO;
				CLANG_ANALYZER_NONNULL = YES;
				CLANG_ANALYZER_NUMBER_OBJECT_CONVERSION = YES_AGGRESSIVE;
				CLANG_CXX_LANGUAGE_STANDARD = "gnu++14";
				CLANG_CXX_LIBRARY = "libc++";
				CLANG_ENABLE_MODULES = YES;
				CLANG_ENABLE_OBJC_ARC = YES;
				CLANG_ENABLE_OBJC_WEAK = YES;
				CLANG_WARN_BLOCK_CAPTURE_AUTORELEASING = YES;
				CLANG_WARN_BOOL_CONVERSION = YES;
				CLANG_WARN_COMMA = YES;
				CLANG_WARN_CONSTANT_CONVERSION = YES;
				CLANG_WARN_DEPRECATED_OBJC_IMPLEMENTATIONS = YES;
				CLANG_WARN_DIRECT_OBJC_ISA_USAGE = YES_ERROR;
				CLANG_WARN_DOCUMENTATION_COMMENTS = YES;
				CLANG_WARN_EMPTY_BODY = YES;
				CLANG_WARN_ENUM_CONVERSION = YES;
				CLANG_WARN_INFINITE_RECURSION = YES;
				CLANG_WARN_INT_CONVERSION = YES;
				CLANG_WARN_NON_LITERAL_NULL_CONVERSION = YES;
				CLANG_WARN_OBJC_IMPLICIT_RETAIN_SELF = YES;
				CLANG_WARN_OBJC_LITERAL_CONVERSION = YES;
				CLANG_WARN_OBJC_ROOT_CLASS = YES_ERROR;
				CLANG_WARN_RANGE_LOOP_ANALYSIS = YES;
				CLANG_WARN_STRICT_PROTOTYPES = YES;
				CLANG_WARN_SUSPICIOUS_MOVE = YES;
				CLANG_WARN_UNGUARDED_AVAILABILITY = YES_AGGRESSIVE;
				CLANG_WARN_UNREACHABLE_CODE = YES;
				CLANG_WARN__DUPLICATE_METHOD_MATCH = YES;
				COPY_PHASE_STRIP = NO;
				DEBUG_INFORMATION_FORMAT = "dwarf-with-dsym";
				ENABLE_NS_ASSERTIONS = NO;
				ENABLE_STRICT_OBJC_MSGSEND = YES;
				GCC_C_LANGUAGE_STANDARD = gnu11;
				GCC_NO_COMMON_BLOCKS = YES;
				GCC_WARN_64_TO_32_BIT_CONVERSION = YES;
				GCC_WARN_ABOUT_RETURN_TYPE = YES_ERROR;
				GCC_WARN_UNDECLARED_SELECTOR = YES;
				GCC_WARN_UNINITIALIZED_AUTOS = YES_AGGRESSIVE;
				GCC_WARN_UNUSED_FUNCTION = YES;
				GCC_WARN_UNUSED_VARIABLE = YES;
				MACOSX_DEPLOYMENT_TARGET = 10.15;
				MTL_ENABLE_DEBUG_INFO = NO;
				MTL_FAST_MATH = YES;
				SDKROOT = macosx;
			};
			name = Release;
		};
		D7AF3E3B245FFCBE0049C941 /* Debug */ = {
			isa = XCBuildConfiguration;
			buildSettings = {
				CODE_SIGN_STYLE = Automatic;
				PRODUCT_NAME = "$(TARGET_NAME)";
			};
			name = Debug;
		};
		D7AF3E3C245FFCBE0049C941 /* Release */ = {
			isa = XCBuildConfiguration;
			buildSettings = {
				CODE_SIGN_STYLE = Automatic;
				PRODUCT_NAME = "$(TARGET_NAME)";
			};
			name = Release;
		};
/* End XCBuildConfiguration section */

/* Begin XCConfigurationList section */
		D7AF3E2E245FFCBE0049C941 /* Build configuration list for PBXProject "Final Project" */ = {
			isa = XCConfigurationList;
			buildConfigurations = (
				D7AF3E38245FFCBE0049C941 /* Debug */,
				D7AF3E39245FFCBE0049C941 /* Release */,
			);
			defaultConfigurationIsVisible = 0;
			defaultConfigurationName = Release;
		};
		D7AF3E3A245FFCBE0049C941 /* Build configuration list for PBXNativeTarget "Final Project" */ = {
			isa = XCConfigurationList;
			buildConfigurations = (
				D7AF3E3B245FFCBE0049C941 /* Debug */,
				D7AF3E3C245FFCBE0049C941 /* Release */,
			);
			defaultConfigurationIsVisible = 0;
			defaultConfigurationName = Release;
		};
/* End XCConfigurationList section */
	};
	rootObject = D7AF3E2B245FFCBE0049C941 /* Project object */;
}
