// !$*UTF8*$!
{
	archiveVersion = 1;
	classes = {
	};
	objectVersion = 50;
	objects = {

/* Begin PBXBuildFile section */
		D709043A2440021B00086405 /* llist.cpp in Sources */ = {isa = PBXBuildFile; fileRef = D70904392440021B00086405 /* llist.cpp */; };
		D71DA337243EA8C100E53D76 /* dgraph.cpp in Sources */ = {isa = PBXBuildFile; fileRef = D71DA336243EA8C100E53D76 /* dgraph.cpp */; };
		D71DA33B243EA97800E53D76 /* hw6client.cpp in Sources */ = {isa = PBXBuildFile; fileRef = D71DA339243EA97800E53D76 /* hw6client.cpp */; };
		D71DA33D243EAA0700E53D76 /* slist.cpp in Sources */ = {isa = PBXBuildFile; fileRef = D71DA33C243EAA0700E53D76 /* slist.cpp */; };
/* End PBXBuildFile section */

/* Begin PBXCopyFilesBuildPhase section */
		D7A46B3D243E365500E14254 /* CopyFiles */ = {
			isa = PBXCopyFilesBuildPhase;
			buildActionMask = 2147483647;
			dstPath = /usr/share/man/man1/;
			dstSubfolderSpec = 0;
			files = (
			);
			runOnlyForDeploymentPostprocessing = 1;
		};
/* End PBXCopyFilesBuildPhase section */

/* Begin PBXFileReference section */
		D70904392440021B00086405 /* llist.cpp */ = {isa = PBXFileReference; lastKnownFileType = sourcecode.cpp.cpp; path = llist.cpp; sourceTree = "<group>"; };
		D709043B2440022A00086405 /* llist.h */ = {isa = PBXFileReference; lastKnownFileType = sourcecode.c.h; path = llist.h; sourceTree = "<group>"; };
		D709043D2441B88000086405 /* table.txt */ = {isa = PBXFileReference; lastKnownFileType = text; path = table.txt; sourceTree = "<group>"; };
		D71DA336243EA8C100E53D76 /* dgraph.cpp */ = {isa = PBXFileReference; lastKnownFileType = sourcecode.cpp.cpp; path = dgraph.cpp; sourceTree = "<group>"; };
		D71DA338243EA91300E53D76 /* dgraph.h */ = {isa = PBXFileReference; lastKnownFileType = sourcecode.c.h; path = dgraph.h; sourceTree = "<group>"; };
		D71DA339243EA97800E53D76 /* hw6client.cpp */ = {isa = PBXFileReference; lastKnownFileType = sourcecode.cpp.cpp; path = hw6client.cpp; sourceTree = "<group>"; };
		D71DA33C243EAA0700E53D76 /* slist.cpp */ = {isa = PBXFileReference; lastKnownFileType = sourcecode.cpp.cpp; path = slist.cpp; sourceTree = "<group>"; };
		D71DA33E243EAA1B00E53D76 /* slist.h */ = {isa = PBXFileReference; lastKnownFileType = sourcecode.c.h; path = slist.h; sourceTree = "<group>"; };
		D7A46B3F243E365500E14254 /* HW6 */ = {isa = PBXFileReference; explicitFileType = "compiled.mach-o.executable"; includeInIndex = 0; path = HW6; sourceTree = BUILT_PRODUCTS_DIR; };
/* End PBXFileReference section */

/* Begin PBXFrameworksBuildPhase section */
		D7A46B3C243E365500E14254 /* Frameworks */ = {
			isa = PBXFrameworksBuildPhase;
			buildActionMask = 2147483647;
			files = (
			);
			runOnlyForDeploymentPostprocessing = 0;
		};
/* End PBXFrameworksBuildPhase section */

/* Begin PBXGroup section */
		D7A46B36243E365500E14254 = {
			isa = PBXGroup;
			children = (
				D709043D2441B88000086405 /* table.txt */,
				D7A46B41243E365500E14254 /* HW6 */,
				D7A46B40243E365500E14254 /* Products */,
			);
			sourceTree = "<group>";
		};
		D7A46B40243E365500E14254 /* Products */ = {
			isa = PBXGroup;
			children = (
				D7A46B3F243E365500E14254 /* HW6 */,
			);
			name = Products;
			sourceTree = "<group>";
		};
		D7A46B41243E365500E14254 /* HW6 */ = {
			isa = PBXGroup;
			children = (
				D71DA336243EA8C100E53D76 /* dgraph.cpp */,
				D71DA338243EA91300E53D76 /* dgraph.h */,
				D71DA339243EA97800E53D76 /* hw6client.cpp */,
				D71DA33C243EAA0700E53D76 /* slist.cpp */,
				D71DA33E243EAA1B00E53D76 /* slist.h */,
				D70904392440021B00086405 /* llist.cpp */,
				D709043B2440022A00086405 /* llist.h */,
			);
			path = HW6;
			sourceTree = "<group>";
		};
/* End PBXGroup section */

/* Begin PBXNativeTarget section */
		D7A46B3E243E365500E14254 /* HW6 */ = {
			isa = PBXNativeTarget;
			buildConfigurationList = D7A46B46243E365500E14254 /* Build configuration list for PBXNativeTarget "HW6" */;
			buildPhases = (
				D7A46B3B243E365500E14254 /* Sources */,
				D7A46B3C243E365500E14254 /* Frameworks */,
				D7A46B3D243E365500E14254 /* CopyFiles */,
			);
			buildRules = (
			);
			dependencies = (
			);
			name = HW6;
			productName = HW6;
			productReference = D7A46B3F243E365500E14254 /* HW6 */;
			productType = "com.apple.product-type.tool";
		};
/* End PBXNativeTarget section */

/* Begin PBXProject section */
		D7A46B37243E365500E14254 /* Project object */ = {
			isa = PBXProject;
			attributes = {
				LastUpgradeCheck = 1140;
				ORGANIZATIONNAME = "이경빈";
				TargetAttributes = {
					D7A46B3E243E365500E14254 = {
						CreatedOnToolsVersion = 11.4;
					};
				};
			};
			buildConfigurationList = D7A46B3A243E365500E14254 /* Build configuration list for PBXProject "HW6" */;
			compatibilityVersion = "Xcode 9.3";
			developmentRegion = en;
			hasScannedForEncodings = 0;
			knownRegions = (
				en,
				Base,
			);
			mainGroup = D7A46B36243E365500E14254;
			productRefGroup = D7A46B40243E365500E14254 /* Products */;
			projectDirPath = "";
			projectRoot = "";
			targets = (
				D7A46B3E243E365500E14254 /* HW6 */,
			);
		};
/* End PBXProject section */

/* Begin PBXSourcesBuildPhase section */
		D7A46B3B243E365500E14254 /* Sources */ = {
			isa = PBXSourcesBuildPhase;
			buildActionMask = 2147483647;
			files = (
				D71DA33B243EA97800E53D76 /* hw6client.cpp in Sources */,
				D71DA33D243EAA0700E53D76 /* slist.cpp in Sources */,
				D709043A2440021B00086405 /* llist.cpp in Sources */,
				D71DA337243EA8C100E53D76 /* dgraph.cpp in Sources */,
			);
			runOnlyForDeploymentPostprocessing = 0;
		};
/* End PBXSourcesBuildPhase section */

/* Begin XCBuildConfiguration section */
		D7A46B44243E365500E14254 /* Debug */ = {
			isa = XCBuildConfiguration;
			buildSettings = {
				ALWAYS_SEARCH_USER_PATHS = NO;
				CLANG_ANALYZER_NONNULL = YES;
				CLANG_ANALYZER_NUMBER_OBJECT_CONVERSION = YES_AGGRESSIVE;
				CLANG_CXX_LANGUAGE_STANDARD = "gnu++14";
				CLANG_CXX_LIBRARY = "libc++";
				CLANG_ENABLE_MODULES = YES;
				CLANG_ENABLE_OBJC_ARC = YES;
				CLANG_ENABLE_OBJC_WEAK = YES;
				CLANG_WARN_BLOCK_CAPTURE_AUTORELEASING = YES;
				CLANG_WARN_BOOL_CONVERSION = YES;
				CLANG_WARN_COMMA = YES;
				CLANG_WARN_CONSTANT_CONVERSION = YES;
				CLANG_WARN_DEPRECATED_OBJC_IMPLEMENTATIONS = YES;
				CLANG_WARN_DIRECT_OBJC_ISA_USAGE = YES_ERROR;
				CLANG_WARN_DOCUMENTATION_COMMENTS = YES;
				CLANG_WARN_EMPTY_BODY = YES;
				CLANG_WARN_ENUM_CONVERSION = YES;
				CLANG_WARN_INFINITE_RECURSION = YES;
				CLANG_WARN_INT_CONVERSION = YES;
				CLANG_WARN_NON_LITERAL_NULL_CONVERSION = YES;
				CLANG_WARN_OBJC_IMPLICIT_RETAIN_SELF = YES;
				CLANG_WARN_OBJC_LITERAL_CONVERSION = YES;
				CLANG_WARN_OBJC_ROOT_CLASS = YES_ERROR;
				CLANG_WARN_RANGE_LOOP_ANALYSIS = YES;
				CLANG_WARN_STRICT_PROTOTYPES = YES;
				CLANG_WARN_SUSPICIOUS_MOVE = YES;
				CLANG_WARN_UNGUARDED_AVAILABILITY = YES_AGGRESSIVE;
				CLANG_WARN_UNREACHABLE_CODE = YES;
				CLANG_WARN__DUPLICATE_METHOD_MATCH = YES;
				COPY_PHASE_STRIP = NO;
				DEBUG_INFORMATION_FORMAT = dwarf;
				ENABLE_STRICT_OBJC_MSGSEND = YES;
				ENABLE_TESTABILITY = YES;
				GCC_C_LANGUAGE_STANDARD = gnu11;
				GCC_DYNAMIC_NO_PIC = NO;
				GCC_NO_COMMON_BLOCKS = YES;
				GCC_OPTIMIZATION_LEVEL = 0;
				GCC_PREPROCESSOR_DEFINITIONS = (
					"DEBUG=1",
					"$(inherited)",
				);
				GCC_WARN_64_TO_32_BIT_CONVERSION = YES;
				GCC_WARN_ABOUT_RETURN_TYPE = YES_ERROR;
				GCC_WARN_UNDECLARED_SELECTOR = YES;
				GCC_WARN_UNINITIALIZED_AUTOS = YES_AGGRESSIVE;
				GCC_WARN_UNUSED_FUNCTION = YES;
				GCC_WARN_UNUSED_VARIABLE = YES;
				MACOSX_DEPLOYMENT_TARGET = 10.15;
				MTL_ENABLE_DEBUG_INFO = INCLUDE_SOURCE;
				MTL_FAST_MATH = YES;
				ONLY_ACTIVE_ARCH = YES;
				SDKROOT = macosx;
			};
			name = Debug;
		};
		D7A46B45243E365500E14254 /* Release */ = {
			isa = XCBuildConfiguration;
			buildSettings = {
				ALWAYS_SEARCH_USER_PATHS = NO;
				CLANG_ANALYZER_NONNULL = YES;
				CLANG_ANALYZER_NUMBER_OBJECT_CONVERSION = YES_AGGRESSIVE;
				CLANG_CXX_LANGUAGE_STANDARD = "gnu++14";
				CLANG_CXX_LIBRARY = "libc++";
				CLANG_ENABLE_MODULES = YES;
				CLANG_ENABLE_OBJC_ARC = YES;
				CLANG_ENABLE_OBJC_WEAK = YES;
				CLANG_WARN_BLOCK_CAPTURE_AUTORELEASING = YES;
				CLANG_WARN_BOOL_CONVERSION = YES;
				CLANG_WARN_COMMA = YES;
				CLANG_WARN_CONSTANT_CONVERSION = YES;
				CLANG_WARN_DEPRECATED_OBJC_IMPLEMENTATIONS = YES;
				CLANG_WARN_DIRECT_OBJC_ISA_USAGE = YES_ERROR;
				CLANG_WARN_DOCUMENTATION_COMMENTS = YES;
				CLANG_WARN_EMPTY_BODY = YES;
				CLANG_WARN_ENUM_CONVERSION = YES;
				CLANG_WARN_INFINITE_RECURSION = YES;
				CLANG_WARN_INT_CONVERSION = YES;
				CLANG_WARN_NON_LITERAL_NULL_CONVERSION = YES;
				CLANG_WARN_OBJC_IMPLICIT_RETAIN_SELF = YES;
				CLANG_WARN_OBJC_LITERAL_CONVERSION = YES;
				CLANG_WARN_OBJC_ROOT_CLASS = YES_ERROR;
				CLANG_WARN_RANGE_LOOP_ANALYSIS = YES;
				CLANG_WARN_STRICT_PROTOTYPES = YES;
				CLANG_WARN_SUSPICIOUS_MOVE = YES;
				CLANG_WARN_UNGUARDED_AVAILABILITY = YES_AGGRESSIVE;
				CLANG_WARN_UNREACHABLE_CODE = YES;
				CLANG_WARN__DUPLICATE_METHOD_MATCH = YES;
				COPY_PHASE_STRIP = NO;
				DEBUG_INFORMATION_FORMAT = "dwarf-with-dsym";
				ENABLE_NS_ASSERTIONS = NO;
				ENABLE_STRICT_OBJC_MSGSEND = YES;
				GCC_C_LANGUAGE_STANDARD = gnu11;
				GCC_NO_COMMON_BLOCKS = YES;
				GCC_WARN_64_TO_32_BIT_CONVERSION = YES;
				GCC_WARN_ABOUT_RETURN_TYPE = YES_ERROR;
				GCC_WARN_UNDECLARED_SELECTOR = YES;
				GCC_WARN_UNINITIALIZED_AUTOS = YES_AGGRESSIVE;
				GCC_WARN_UNUSED_FUNCTION = YES;
				GCC_WARN_UNUSED_VARIABLE = YES;
				MACOSX_DEPLOYMENT_TARGET = 10.15;
				MTL_ENABLE_DEBUG_INFO = NO;
				MTL_FAST_MATH = YES;
				SDKROOT = macosx;
			};
			name = Release;
		};
		D7A46B47243E365500E14254 /* Debug */ = {
			isa = XCBuildConfiguration;
			buildSettings = {
				CODE_SIGN_STYLE = Automatic;
				PRODUCT_NAME = "$(TARGET_NAME)";
			};
			name = Debug;
		};
		D7A46B48243E365500E14254 /* Release */ = {
			isa = XCBuildConfiguration;
			buildSettings = {
				CODE_SIGN_STYLE = Automatic;
				PRODUCT_NAME = "$(TARGET_NAME)";
			};
			name = Release;
		};
/* End XCBuildConfiguration section */

/* Begin XCConfigurationList section */
		D7A46B3A243E365500E14254 /* Build configuration list for PBXProject "HW6" */ = {
			isa = XCConfigurationList;
			buildConfigurations = (
				D7A46B44243E365500E14254 /* Debug */,
				D7A46B45243E365500E14254 /* Release */,
			);
			defaultConfigurationIsVisible = 0;
			defaultConfigurationName = Release;
		};
		D7A46B46243E365500E14254 /* Build configuration list for PBXNativeTarget "HW6" */ = {
			isa = XCConfigurationList;
			buildConfigurations = (
				D7A46B47243E365500E14254 /* Debug */,
				D7A46B48243E365500E14254 /* Release */,
			);
			defaultConfigurationIsVisible = 0;
			defaultConfigurationName = Release;
		};
/* End XCConfigurationList section */
	};
	rootObject = D7A46B37243E365500E14254 /* Project object */;
}
